{
  "version": 2,
  "dependencies": {
    "net10.0": {
      "coverlet.collector": {
        "type": "Direct",
        "requested": "[6.0.0, )",
        "resolved": "6.0.0",
        "contentHash": "tW3lsNS+dAEII6YGUX/VMoJjBS1QvsxqJeqLaJXub08y1FSjasFPtQ4UBUsudE9PNrzLjooClMsPtY2cZLdXpQ=="
      },
      "Microsoft.NET.Test.Sdk": {
        "type": "Direct",
        "requested": "[17.8.0, )",
        "resolved": "17.8.0",
        "contentHash": "BmTYGbD/YuDHmApIENdoyN1jCk0Rj1fJB0+B/fVekyTdVidr91IlzhqzytiUgaEAzL1ZJcYCme0MeBMYvJVzvw==",
        "dependencies": {
          "Microsoft.CodeCoverage": "17.8.0",
          "Microsoft.TestPlatform.TestHost": "17.8.0"
        }
      },
      "xunit": {
        "type": "Direct",
        "requested": "[2.6.2, )",
        "resolved": "2.6.2",
        "contentHash": "sErOyzTZBfgeLcdu5y3CkhCirZikCe9GwEv56jbQRjSa4FyI2tIHjfBRvlWqg7M78bfAGajrreH0IHnxrUOpVA==",
        "dependencies": {
          "xunit.analyzers": "1.6.0",
          "xunit.assert": "2.6.2",
          "xunit.core": "[2.6.2]"
        }
      },
      "xunit.runner.visualstudio": {
        "type": "Direct",
        "requested": "[2.5.4, )",
        "resolved": "2.5.4",
        "contentHash": "YUtEOBdArAISyb1cTWcHc6/bilSDB9q5lc8ughPQP1MqlAKSkxKMBqLQ+tiWMFRBd2o22E59nLD/4V5R3jfZxQ=="
      },
      "MediatR": {
        "type": "Transitive",
        "resolved": "8.1.0",
        "contentHash": "KJFnA0MV83bNOhvYbjIX1iDykhwFXoQu0KV7E1SVbNA/CmO2I7SAm2Baly0eS7VJ2GwlmStLajBfeiNgTpvYzQ=="
      },
      "Microsoft.Bcl.AsyncInterfaces": {
        "type": "Transitive",
        "resolved": "7.0.0",
        "contentHash": "3aeMZ1N0lJoSyzqiP03hqemtb1BijhsJADdobn/4nsMJ8V1H+CrpuduUe4hlRdx+ikBQju1VGjMD1GJ3Sk05Eg=="
      },
      "Microsoft.CodeAnalysis.Common": {
        "type": "Transitive",
        "resolved": "5.3.0",
        "contentHash": "uC0qk3jzTQY7i90ehfnCqaOZpBUGJyPMiHJ3c0jOb8yaPBjWzIhVdNxPbeVzI74DB0C+YgBKPLqUkgFZzua5Mg==",
        "dependencies": {
          "Microsoft.CodeAnalysis.Analyzers": "5.3.0-2.25625.1"
        }
      },
      "Microsoft.CodeCoverage": {
        "type": "Transitive",
        "resolved": "17.8.0",
        "contentHash": "KC8SXWbGIdoFVdlxKk9WHccm0llm9HypcHMLUUFabRiTS3SO2fQXNZfdiF3qkEdTJhbRrxhdRxjL4jbtwPq4Ew=="
      },
      "Microsoft.Extensions.Configuration": {
        "type": "Transitive",
        "resolved": "6.0.1",
        "contentHash": "BUyFU9t+HzlSE7ri4B+AQN2BgTgHv/uM82s5ZkgU1BApyzWzIl48nDsG5wR1t0pniNuuyTBzG3qCW8152/NtSw==",
        "dependencies": {
          "Microsoft.Extensions.Configuration.Abstractions": "6.0.0",
          "Microsoft.Extensions.Primitives": "6.0.0"
        }
      },
      "Microsoft.Extensions.Configuration.Abstractions": {
        "type": "Transitive",
        "resolved": "6.0.0",
        "contentHash": "qWzV9o+ZRWq+pGm+1dF+R7qTgTYoXvbyowRoBxQJGfqTpqDun2eteerjRQhq5PQ/14S+lqto3Ft4gYaRyl4rdQ==",
        "dependencies": {
          "Microsoft.Extensions.Primitives": "6.0.0"
        }
      },
      "Microsoft.Extensions.Configuration.Binder": {
        "type": "Transitive",
        "resolved": "6.0.0",
        "contentHash": "b3ErKzND8LIC7o08QAVlKfaEIYEvLJbtmVbFZVBRXeu9YkKfSSzLZfR1SUfQPBIy9mKLhEtJgGYImkcMNaKE0A==",
        "dependencies": {
          "Microsoft.Extensions.Configuration.Abstractions": "6.0.0"
        }
      },
      "Microsoft.Extensions.DependencyInjection": {
        "type": "Transitive",
        "resolved": "6.0.1",
        "contentHash": "vWXPg3HJQIpZkENn1KWq8SfbqVujVD7S7vIAyFXXqK5xkf1Vho+vG0bLBCHxU36lD1cLLtmGpfYf0B3MYFi9tQ==",
        "dependencies": {
          "Microsoft.Extensions.DependencyInjection.Abstractions": "6.0.0"
        }
      },
      "Microsoft.Extensions.DependencyInjection.Abstractions": {
        "type": "Transitive",
        "resolved": "6.0.0",
        "contentHash": "xlzi2IYREJH3/m6+lUrQlujzX8wDitm4QGnUu6kUXTQAWPuZY8i+ticFJbzfqaetLA6KR/rO6Ew/HuYD+bxifg=="
      },
      "Microsoft.Extensions.Logging": {
        "type": "Transitive",
        "resolved": "6.0.0",
        "contentHash": "eIbyj40QDg1NDz0HBW0S5f3wrLVnKWnDJ/JtZ+yJDFnDj90VoPuoPmFkeaXrtu+0cKm5GRAwoDf+dBWXK0TUdg==",
        "dependencies": {
          "Microsoft.Extensions.DependencyInjection": "6.0.0",
          "Microsoft.Extensions.DependencyInjection.Abstractions": "6.0.0",
          "Microsoft.Extensions.Logging.Abstractions": "6.0.0",
          "Microsoft.Extensions.Options": "6.0.0"
        }
      },
      "Microsoft.Extensions.Logging.Abstractions": {
        "type": "Transitive",
        "resolved": "6.0.0",
        "contentHash": "/HggWBbTwy8TgebGSX5DBZ24ndhzi93sHUBDvP1IxbZD7FDokYzdAr6+vbWGjw2XAfR2EJ1sfKUotpjHnFWPxA=="
      },
      "Microsoft.Extensions.Options": {
        "type": "Transitive",
        "resolved": "6.0.0",
        "contentHash": "dzXN0+V1AyjOe2xcJ86Qbo233KHuLEY0njf/P2Kw8SfJU+d45HNS2ctJdnEnrWbM9Ye2eFgaC5Mj9otRMU6IsQ==",
        "dependencies": {
          "Microsoft.Extensions.DependencyInjection.Abstractions": "6.0.0",
          "Microsoft.Extensions.Primitives": "6.0.0"
        }
      },
      "Microsoft.Extensions.Options.ConfigurationExtensions": {
        "type": "Transitive",
        "resolved": "6.0.0",
        "contentHash": "bXWINbTn0vC0FYc9GaQTISbxhQLAMrvtbuvD9N6JelEaIS/Pr62wUCinrq5bf1WRBGczt1v4wDhxFtVFNcMdUQ==",
        "dependencies": {
          "Microsoft.Extensions.Configuration.Abstractions": "6.0.0",
          "Microsoft.Extensions.Configuration.Binder": "6.0.0",
          "Microsoft.Extensions.DependencyInjection.Abstractions": "6.0.0",
          "Microsoft.Extensions.Options": "6.0.0",
          "Microsoft.Extensions.Primitives": "6.0.0"
        }
      },
      "Microsoft.Extensions.Primitives": {
        "type": "Transitive",
        "resolved": "6.0.0",
        "contentHash": "9+PnzmQFfEFNR9J2aDTfJGGupShHjOuGw4VUv+JB044biSHrnmCIMD+mJHmb2H7YryrfBEXDurxQ47gJZdCKNQ=="
      },
      "Microsoft.NETCore.Platforms": {
        "type": "Transitive",
        "resolved": "1.1.0",
        "contentHash": "kz0PEW2lhqygehI/d6XsPCQzD7ff7gUJaVGPVETX611eadGsA3A877GdSlU0LRVMCTH/+P3o2iDTak+S08V2+A=="
      },
      "Microsoft.TestPlatform.ObjectModel": {
        "type": "Transitive",
        "resolved": "17.8.0",
        "contentHash": "AYy6vlpGMfz5kOFq99L93RGbqftW/8eQTqjT9iGXW6s9MRP3UdtY8idJ8rJcjeSja8A18IhIro5YnH3uv1nz4g==",
        "dependencies": {
          "NuGet.Frameworks": "6.5.0"
        }
      },
      "Microsoft.TestPlatform.TestHost": {
        "type": "Transitive",
        "resolved": "17.8.0",
        "contentHash": "9ivcl/7SGRmOT0YYrHQGohWiT5YCpkmy/UEzldfVisLm6QxbLaK3FAJqZXI34rnRLmqqDCeMQxKINwmKwAPiDw==",
        "dependencies": {
          "Microsoft.TestPlatform.ObjectModel": "17.8.0",
          "Newtonsoft.Json": "13.0.1"
        }
      },
      "Microsoft.VisualStudio.Threading": {
        "type": "Transitive",
        "resolved": "17.6.40",
        "contentHash": "hLa/0xargG7p3bF7aeq2/lRYn/bVnfZXurUWVHx+MNqxxAUjIDMKi4OIOWbYQ/DTkbn9gv8TLvgso+6EtHVQQg==",
        "dependencies": {
          "Microsoft.Bcl.AsyncInterfaces": "7.0.0",
          "Microsoft.VisualStudio.Threading.Analyzers": "17.6.40",
          "Microsoft.VisualStudio.Validation": "17.0.71"
        }
      },
      "Microsoft.VisualStudio.Threading.Analyzers": {
        "type": "Transitive",
        "resolved": "17.6.40",
        "contentHash": "uU8vYr/Nx3ldEWcsbiHiyAX1G7od3eFK1+Aga6ZvgCvU+nQkcXYVkIMcSEkIDWkFaldx1dkoVvX3KRNQD0R7dw=="
      },
      "Microsoft.VisualStudio.Validation": {
        "type": "Transitive",
        "resolved": "17.6.11",
        "contentHash": "J+9L/iac6c8cwcgVSCMuoIYOlD1Jw4mbZ8XMe1IZVj8p8+3dJ46LnnkIkTRMjK7xs9UtU9MoUp1JGhWoN6fAEw=="
      },
      "Nerdbank.Streams": {
        "type": "Transitive",
        "resolved": "2.10.69",
        "contentHash": "YIudzeVyQRJAqytjpo1jdHkh2t+vqQqyusBqb2sFSOAOGEnyOXhcHx/rQqSuCIXUDr50a3XuZnamGRfQVBOf4g==",
        "dependencies": {
          "Microsoft.Bcl.AsyncInterfaces": "7.0.0",
          "Microsoft.VisualStudio.Threading": "17.6.40",
          "Microsoft.VisualStudio.Validation": "17.6.11"
        }
      },
      "NETStandard.Library": {
        "type": "Transitive",
        "resolved": "1.6.1",
        "contentHash": "WcSp3+vP+yHNgS8EV5J7pZ9IRpeDuARBPN28by8zqff1wJQXm26PVU8L3/fYLBJVU7BtDyqNVWq2KlCVvSSR4A==",
        "dependencies": {
          "Microsoft.NETCore.Platforms": "1.1.0"
        }
      },
      "Newtonsoft.Json": {
        "type": "Transitive",
        "resolved": "13.0.3",
        "contentHash": "HrC5BXdl00IP9zeV+0Z848QWPAoCr9P3bDEZguI+gkLcBKAOxix/tLEAAHC+UvDNPv4a2d18lOReHMOagPa+zQ=="
      },
      "NuGet.Frameworks": {
        "type": "Transitive",
        "resolved": "6.5.0",
        "contentHash": "QWINE2x3MbTODsWT1Gh71GaGb5icBz4chS8VYvTgsBnsi8esgN6wtHhydd7fvToWECYGq7T4cgBBDiKD/363fg=="
      },
      "OmniSharp.Extensions.JsonRpc": {
        "type": "Transitive",
        "resolved": "0.19.9",
        "contentHash": "utFvrx9OYXhCS5rnfWAVeedJCrucuDLAOrKXjohf/NOjG9FFVbcp+hLqj9Ng+AxoADRD+rSJYHfBOeqGl5zW0A==",
        "dependencies": {
          "MediatR": "8.1.0",
          "Microsoft.Extensions.DependencyInjection": "6.0.1",
          "Microsoft.Extensions.Logging": "6.0.0",
          "Nerdbank.Streams": "2.10.69",
          "Newtonsoft.Json": "13.0.3",
          "OmniSharp.Extensions.JsonRpc.Generators": "0.19.9",
          "System.Reactive": "6.0.0"
        }
      },
      "OmniSharp.Extensions.JsonRpc.Generators": {
        "type": "Transitive",
        "resolved": "0.19.9",
        "contentHash": "hiWC0yGcKM+K00fgiL7KBmlvULmkKNhm40ZSzxqT+jNV21r+YZgKzEREhQe40ufb4tjcIxdYkif++IzGl/3H/Q=="
      },
      "OmniSharp.Extensions.LanguageProtocol": {
        "type": "Transitive",
        "resolved": "0.19.9",
        "contentHash": "d0crY6w5SyunGlERP27YeUeJnJfUjvJoALFlPMU4CHu3jovG1Y8RxLpihCPX8fKdjzgy7Ii+VjFYtIpDEEQqYQ==",
        "dependencies": {
          "Microsoft.Extensions.Configuration": "6.0.1",
          "Microsoft.Extensions.Configuration.Binder": "6.0.0",
          "Microsoft.Extensions.Options.ConfigurationExtensions": "6.0.0",
          "OmniSharp.Extensions.JsonRpc": "0.19.9",
          "OmniSharp.Extensions.JsonRpc.Generators": "0.19.9"
        }
      },
      "OmniSharp.Extensions.LanguageServer.Shared": {
        "type": "Transitive",
        "resolved": "0.19.9",
        "contentHash": "+p+py79MrNG3QnqRrBp5J7Wc810HFFczMH8/WLIiUqih1bqmKPFY9l/uzBvq1Ko8+YO/8tzI7BDffHvaguISEw==",
        "dependencies": {
          "OmniSharp.Extensions.LanguageProtocol": "0.19.9"
        }
      },
      "System.Reactive": {
        "type": "Transitive",
        "resolved": "6.0.0",
        "contentHash": "31kfaW4ZupZzPsI5PVe77VhnvFF55qgma7KZr/E0iFTs6fmdhhG8j0mgEx620iLTey1EynOkEfnyTjtNEpJzGw=="
      },
      "xunit.abstractions": {
        "type": "Transitive",
        "resolved": "2.0.3",
        "contentHash": "pot1I4YOxlWjIb5jmwvvQNbTrZ3lJQ+jUGkGjWE3hEFM0l5gOnBWS+H3qsex68s5cO52g+44vpGzhAt+42vwKg=="
      },
      "xunit.analyzers": {
        "type": "Transitive",
        "resolved": "1.6.0",
        "contentHash": "b/Wbrqr/bFvcjqAbYdJyCCvjz+PjjKMnoK/K6sbcCBu94pqAkB2vBAHFo87wNq2awsLPAuq5MA7q0XexyQ3mJQ=="
      },
      "xunit.assert": {
        "type": "Transitive",
        "resolved": "2.6.2",
        "contentHash": "JOj2+zWS08M59bCk3MkZFcKj2Izb2zwkHSPIKJLvnZYLR2Nw6HifjvBCpa8XhMF3mxDuGwZ0+ncmlhE9WoEaZw=="
      },
      "xunit.core": {
        "type": "Transitive",
        "resolved": "2.6.2",
        "contentHash": "LxJ06D9uTDyvHY52+Lym2TUlq3ObgAKSTuzM9gniau8qI1fd/CPag4PFaGs0RJfunUJtYHg9+XrS5EcW/5dxGA==",
        "dependencies": {
          "xunit.extensibility.core": "[2.6.2]",
          "xunit.extensibility.execution": "[2.6.2]"
        }
      },
      "xunit.extensibility.core": {
        "type": "Transitive",
        "resolved": "2.6.2",
        "contentHash": "T8CmshbP1EeaDibLwgU/aEe53zrW0+x+mEz5aKxexS5vVyj1UwgDUjcTK/+prMF/9KgMHkgx1vIe7wv58wO6RQ==",
        "dependencies": {
          "NETStandard.Library": "1.6.1",
          "xunit.abstractions": "2.0.3"
        }
      },
      "xunit.extensibility.execution": {
        "type": "Transitive",
        "resolved": "2.6.2",
        "contentHash": "kKo7XqyLF8blXGqQHlqKQ+AzST42kpB7oG81Km/kFEzWVfeDMgaEquOLAr/ZiR4tnkUbbWYrY6CJPTavFqGn6Q==",
        "dependencies": {
          "NETStandard.Library": "1.6.1",
          "xunit.extensibility.core": "[2.6.2]"
        }
      },
      "calor": {
        "type": "Project",
        "dependencies": {
          "Calor.Runtime": "[0.13.1, )",
          "DiffPlex": "[1.7.2, )",
          "Microsoft.ApplicationInsights": "[2.22.0, )",
          "Microsoft.CodeAnalysis.CSharp": "[5.3.0, )",
          "Microsoft.Extensions.FileSystemGlobbing": "[10.0.3, )",
          "System.CommandLine": "[2.0.0-beta4.22272.1, )",
          "Ulid": "[1.3.4, )"
        }
      },
      "calor-lsp": {
        "type": "Project",
        "dependencies": {
          "OmniSharp.Extensions.LanguageServer": "[0.19.9, )",
          "calor": "[0.13.1, )"
        }
      },
      "calor.runtime": {
        "type": "Project"
      },
      "DiffPlex": {
        "type": "CentralTransitive",
        "requested": "[1.7.2, )",
        "resolved": "1.7.2",
        "contentHash": "qJEjdxEDBWSFZGB8paBB9HDeJXHGlHlOXeGX3kbTuXWuOsgv2iSAEOOzo5V1/B39Vcxr9IVVrNKewRcX+rsn4g=="
      },
      "Microsoft.ApplicationInsights": {
        "type": "CentralTransitive",
        "requested": "[2.22.0, )",
        "resolved": "2.22.0",
        "contentHash": "3AOM9bZtku7RQwHyMEY3tQMrHIgjcfRDa6YQpd/QG2LDGvMydSlL9Di+8LLMt7J2RDdfJ7/2jdYv6yHcMJAnNw=="
      },
      "Microsoft.CodeAnalysis.Analyzers": {
        "type": "CentralTransitive",
        "requested": "[3.3.4, )",
        "resolved": "5.3.0-2.25625.1",
        "contentHash": "4Yhh2fnu3G+J0J1lDc8WZVgMjgbynSeTfkl5IFJMFrmiIO0sc7Tjx+f3sFVV8Sd35PrIUWfof0RWc3lAMl7Azg=="
      },
      "Microsoft.CodeAnalysis.CSharp": {
        "type": "CentralTransitive",
        "requested": "[5.3.0, )",
        "resolved": "5.3.0",
        "contentHash": "SQFNGQF4f7UfDXKxMzzGNMr3fjrPDIjLfmRvvVgDCw+dyvEHDaRfHuKA5q0Pr0/JW0Gcw89TxrxrS/MjwBvluQ==",
        "dependencies": {
          "Microsoft.CodeAnalysis.Analyzers": "5.3.0-2.25625.1",
          "Microsoft.CodeAnalysis.Common": "[5.3.0]"
        }
      },
      "Microsoft.Extensions.FileSystemGlobbing": {
        "type": "CentralTransitive",
        "requested": "[10.0.3, )",
        "resolved": "10.0.3",
        "contentHash": "oM7pl8uJz8WRPRlh4AGQS61aeV9GOfTu89yqTiRSYyyMuCNVkbNra9zEk7ApyJ/sZrUpbjOZCRHuitCEsTWghg=="
      },
      "OmniSharp.Extensions.LanguageServer": {
        "type": "CentralTransitive",
        "requested": "[0.19.9, )",
        "resolved": "0.19.9",
        "contentHash": "g09wOOCQ/oFqtZ47Q5R9E78tz2a5ODEB+V+S65wAiiRskR7xwL78Tse4/8ToBc8G/ZgQgqLtAOPo/BSPmHNlbw==",
        "dependencies": {
          "Microsoft.Extensions.Configuration": "6.0.1",
          "OmniSharp.Extensions.JsonRpc": "0.19.9",
          "OmniSharp.Extensions.LanguageProtocol": "0.19.9",
          "OmniSharp.Extensions.LanguageServer.Shared": "0.19.9"
        }
      },
      "System.CommandLine": {
        "type": "CentralTransitive",
        "requested": "[2.0.0-beta4.22272.1, )",
        "resolved": "2.0.0-beta4.22272.1",
        "contentHash": "1uqED/q2H0kKoLJ4+hI2iPSBSEdTuhfCYADeJrAqERmiGQ2NNacYKRNEQ+gFbU4glgVyK8rxI+ZOe1onEtr/Pg=="
      },
      "Ulid": {
        "type": "CentralTransitive",
        "requested": "[1.3.4, )",
        "resolved": "1.3.4",
        "contentHash": "6IaGquwjjfW+BoHSV844y12Uy2kxbboYNmsibxr2lotcSPAA3LKy1CKcAQ8JOdAdL4xMoDNXA1oxG41w7fbr6Q=="
      }
    }
  }
}