{
  "version": 2,
  "dependencies": {
    "net10.0": {
      "OmniSharp.Extensions.LanguageServer": {
        "type": "Direct",
        "requested": "[0.19.9, )",
        "resolved": "0.19.9",
        "contentHash": "g09wOOCQ/oFqtZ47Q5R9E78tz2a5ODEB+V+S65wAiiRskR7xwL78Tse4/8ToBc8G/ZgQgqLtAOPo/BSPmHNlbw==",
        "dependencies": {
          "Microsoft.Extensions.Configuration": "6.0.1",
          "OmniSharp.Extensions.JsonRpc": "0.19.9",
          "OmniSharp.Extensions.LanguageProtocol": "0.19.9",
          "OmniSharp.Extensions.LanguageServer.Shared": "0.19.9"
        }
      },
      "MediatR": {
        "type": "Transitive",
        "resolved": "8.1.0",
        "contentHash": "KJFnA0MV83bNOhvYbjIX1iDykhwFXoQu0KV7E1SVbNA/CmO2I7SAm2Baly0eS7VJ2GwlmStLajBfeiNgTpvYzQ=="
      },
      "Microsoft.Bcl.AsyncInterfaces": {
        "type": "Transitive",
        "resolved": "7.0.0",
        "contentHash": "3aeMZ1N0lJoSyzqiP03hqemtb1BijhsJADdobn/4nsMJ8V1H+CrpuduUe4hlRdx+ikBQju1VGjMD1GJ3Sk05Eg=="
      },
      "Microsoft.CodeAnalysis.Common": {
        "type": "Transitive",
        "resolved": "5.3.0",
        "contentHash": "uC0qk3jzTQY7i90ehfnCqaOZpBUGJyPMiHJ3c0jOb8yaPBjWzIhVdNxPbeVzI74DB0C+YgBKPLqUkgFZzua5Mg==",
        "dependencies": {
          "Microsoft.CodeAnalysis.Analyzers": "5.3.0-2.25625.1"
        }
      },
      "Microsoft.Extensions.Configuration": {
        "type": "Transitive",
        "resolved": "6.0.1",
        "contentHash": "BUyFU9t+HzlSE7ri4B+AQN2BgTgHv/uM82s5ZkgU1BApyzWzIl48nDsG5wR1t0pniNuuyTBzG3qCW8152/NtSw==",
        "dependencies": {
          "Microsoft.Extensions.Configuration.Abstractions": "6.0.0",
          "Microsoft.Extensions.Primitives": "6.0.0"
        }
      },
      "Microsoft.Extensions.Configuration.Abstractions": {
        "type": "Transitive",
        "resolved": "6.0.0",
        "contentHash": "qWzV9o+ZRWq+pGm+1dF+R7qTgTYoXvbyowRoBxQJGfqTpqDun2eteerjRQhq5PQ/14S+lqto3Ft4gYaRyl4rdQ==",
        "dependencies": {
          "Microsoft.Extensions.Primitives": "6.0.0"
        }
      },
      "Microsoft.Extensions.Configuration.Binder": {
        "type": "Transitive",
        "resolved": "6.0.0",
        "contentHash": "b3ErKzND8LIC7o08QAVlKfaEIYEvLJbtmVbFZVBRXeu9YkKfSSzLZfR1SUfQPBIy9mKLhEtJgGYImkcMNaKE0A==",
        "dependencies": {
          "Microsoft.Extensions.Configuration.Abstractions": "6.0.0"
        }
      },
      "Microsoft.Extensions.DependencyInjection": {
        "type": "Transitive",
        "resolved": "6.0.1",
        "contentHash": "vWXPg3HJQIpZkENn1KWq8SfbqVujVD7S7vIAyFXXqK5xkf1Vho+vG0bLBCHxU36lD1cLLtmGpfYf0B3MYFi9tQ==",
        "dependencies": {
          "Microsoft.Extensions.DependencyInjection.Abstractions": "6.0.0"
        }
      },
      "Microsoft.Extensions.DependencyInjection.Abstractions": {
        "type": "Transitive",
        "resolved": "6.0.0",
        "contentHash": "xlzi2IYREJH3/m6+lUrQlujzX8wDitm4QGnUu6kUXTQAWPuZY8i+ticFJbzfqaetLA6KR/rO6Ew/HuYD+bxifg=="
      },
      "Microsoft.Extensions.Logging": {
        "type": "Transitive",
        "resolved": "6.0.0",
        "contentHash": "eIbyj40QDg1NDz0HBW0S5f3wrLVnKWnDJ/JtZ+yJDFnDj90VoPuoPmFkeaXrtu+0cKm5GRAwoDf+dBWXK0TUdg==",
        "dependencies": {
          "Microsoft.Extensions.DependencyInjection": "6.0.0",
          "Microsoft.Extensions.DependencyInjection.Abstractions": "6.0.0",
          "Microsoft.Extensions.Logging.Abstractions": "6.0.0",
          "Microsoft.Extensions.Options": "6.0.0"
        }
      },
      "Microsoft.Extensions.Logging.Abstractions": {
        "type": "Transitive",
        "resolved": "6.0.0",
        "contentHash": "/HggWBbTwy8TgebGSX5DBZ24ndhzi93sHUBDvP1IxbZD7FDokYzdAr6+vbWGjw2XAfR2EJ1sfKUotpjHnFWPxA=="
      },
      "Microsoft.Extensions.Options": {
        "type": "Transitive",
        "resolved": "6.0.0",
        "contentHash": "dzXN0+V1AyjOe2xcJ86Qbo233KHuLEY0njf/P2Kw8SfJU+d45HNS2ctJdnEnrWbM9Ye2eFgaC5Mj9otRMU6IsQ==",
        "dependencies": {
          "Microsoft.Extensions.DependencyInjection.Abstractions": "6.0.0",
          "Microsoft.Extensions.Primitives": "6.0.0"
        }
      },
      "Microsoft.Extensions.Options.ConfigurationExtensions": {
        "type": "Transitive",
        "resolved": "6.0.0",
        "contentHash": "bXWINbTn0vC0FYc9GaQTISbxhQLAMrvtbuvD9N6JelEaIS/Pr62wUCinrq5bf1WRBGczt1v4wDhxFtVFNcMdUQ==",
        "dependencies": {
          "Microsoft.Extensions.Configuration.Abstractions": "6.0.0",
          "Microsoft.Extensions.Configuration.Binder": "6.0.0",
          "Microsoft.Extensions.DependencyInjection.Abstractions": "6.0.0",
          "Microsoft.Extensions.Options": "6.0.0",
          "Microsoft.Extensions.Primitives": "6.0.0"
        }
      },
      "Microsoft.Extensions.Primitives": {
        "type": "Transitive",
        "resolved": "6.0.0",
        "contentHash": "9+PnzmQFfEFNR9J2aDTfJGGupShHjOuGw4VUv+JB044biSHrnmCIMD+mJHmb2H7YryrfBEXDurxQ47gJZdCKNQ=="
      },
      "Microsoft.VisualStudio.Threading": {
        "type": "Transitive",
        "resolved": "17.6.40",
        "contentHash": "hLa/0xargG7p3bF7aeq2/lRYn/bVnfZXurUWVHx+MNqxxAUjIDMKi4OIOWbYQ/DTkbn9gv8TLvgso+6EtHVQQg==",
        "dependencies": {
          "Microsoft.Bcl.AsyncInterfaces": "7.0.0",
          "Microsoft.VisualStudio.Threading.Analyzers": "17.6.40",
          "Microsoft.VisualStudio.Validation": "17.0.71"
        }
      },
      "Microsoft.VisualStudio.Threading.Analyzers": {
        "type": "Transitive",
        "resolved": "17.6.40",
        "contentHash": "uU8vYr/Nx3ldEWcsbiHiyAX1G7od3eFK1+Aga6ZvgCvU+nQkcXYVkIMcSEkIDWkFaldx1dkoVvX3KRNQD0R7dw=="
      },
      "Microsoft.VisualStudio.Validation": {
        "type": "Transitive",
        "resolved": "17.6.11",
        "contentHash": "J+9L/iac6c8cwcgVSCMuoIYOlD1Jw4mbZ8XMe1IZVj8p8+3dJ46LnnkIkTRMjK7xs9UtU9MoUp1JGhWoN6fAEw=="
      },
      "Nerdbank.Streams": {
        "type": "Transitive",
        "resolved": "2.10.69",
        "contentHash": "YIudzeVyQRJAqytjpo1jdHkh2t+vqQqyusBqb2sFSOAOGEnyOXhcHx/rQqSuCIXUDr50a3XuZnamGRfQVBOf4g==",
        "dependencies": {
          "Microsoft.Bcl.AsyncInterfaces": "7.0.0",
          "Microsoft.VisualStudio.Threading": "17.6.40",
          "Microsoft.VisualStudio.Validation": "17.6.11"
        }
      },
      "Newtonsoft.Json": {
        "type": "Transitive",
        "resolved": "13.0.3",
        "contentHash": "HrC5BXdl00IP9zeV+0Z848QWPAoCr9P3bDEZguI+gkLcBKAOxix/tLEAAHC+UvDNPv4a2d18lOReHMOagPa+zQ=="
      },
      "OmniSharp.Extensions.JsonRpc": {
        "type": "Transitive",
        "resolved": "0.19.9",
        "contentHash": "utFvrx9OYXhCS5rnfWAVeedJCrucuDLAOrKXjohf/NOjG9FFVbcp+hLqj9Ng+AxoADRD+rSJYHfBOeqGl5zW0A==",
        "dependencies": {
          "MediatR": "8.1.0",
          "Microsoft.Extensions.DependencyInjection": "6.0.1",
          "Microsoft.Extensions.Logging": "6.0.0",
          "Nerdbank.Streams": "2.10.69",
          "Newtonsoft.Json": "13.0.3",
          "OmniSharp.Extensions.JsonRpc.Generators": "0.19.9",
          "System.Reactive": "6.0.0"
        }
      },
      "OmniSharp.Extensions.JsonRpc.Generators": {
        "type": "Transitive",
        "resolved": "0.19.9",
        "contentHash": "hiWC0yGcKM+K00fgiL7KBmlvULmkKNhm40ZSzxqT+jNV21r+YZgKzEREhQe40ufb4tjcIxdYkif++IzGl/3H/Q=="
      },
      "OmniSharp.Extensions.LanguageProtocol": {
        "type": "Transitive",
        "resolved": "0.19.9",
        "contentHash": "d0crY6w5SyunGlERP27YeUeJnJfUjvJoALFlPMU4CHu3jovG1Y8RxLpihCPX8fKdjzgy7Ii+VjFYtIpDEEQqYQ==",
        "dependencies": {
          "Microsoft.Extensions.Configuration": "6.0.1",
          "Microsoft.Extensions.Configuration.Binder": "6.0.0",
          "Microsoft.Extensions.Options.ConfigurationExtensions": "6.0.0",
          "OmniSharp.Extensions.JsonRpc": "0.19.9",
          "OmniSharp.Extensions.JsonRpc.Generators": "0.19.9"
        }
      },
      "OmniSharp.Extensions.LanguageServer.Shared": {
        "type": "Transitive",
        "resolved": "0.19.9",
        "contentHash": "+p+py79MrNG3QnqRrBp5J7Wc810HFFczMH8/WLIiUqih1bqmKPFY9l/uzBvq1Ko8+YO/8tzI7BDffHvaguISEw==",
        "dependencies": {
          "OmniSharp.Extensions.LanguageProtocol": "0.19.9"
        }
      },
      "System.Reactive": {
        "type": "Transitive",
        "resolved": "6.0.0",
        "contentHash": "31kfaW4ZupZzPsI5PVe77VhnvFF55qgma7KZr/E0iFTs6fmdhhG8j0mgEx620iLTey1EynOkEfnyTjtNEpJzGw=="
      },
      "calor": {
        "type": "Project",
        "dependencies": {
          "Calor.Runtime": "[0.13.1, )",
          "DiffPlex": "[1.7.2, )",
          "Microsoft.ApplicationInsights": "[2.22.0, )",
          "Microsoft.CodeAnalysis.CSharp": "[5.3.0, )",
          "Microsoft.Extensions.FileSystemGlobbing": "[10.0.3, )",
          "System.CommandLine": "[2.0.0-beta4.22272.1, )",
          "Ulid": "[1.3.4, )"
        }
      },
      "calor.runtime": {
        "type": "Project"
      },
      "DiffPlex": {
        "type": "CentralTransitive",
        "requested": "[1.7.2, )",
        "resolved": "1.7.2",
        "contentHash": "qJEjdxEDBWSFZGB8paBB9HDeJXHGlHlOXeGX3kbTuXWuOsgv2iSAEOOzo5V1/B39Vcxr9IVVrNKewRcX+rsn4g=="
      },
      "Microsoft.ApplicationInsights": {
        "type": "CentralTransitive",
        "requested": "[2.22.0, )",
        "resolved": "2.22.0",
        "contentHash": "3AOM9bZtku7RQwHyMEY3tQMrHIgjcfRDa6YQpd/QG2LDGvMydSlL9Di+8LLMt7J2RDdfJ7/2jdYv6yHcMJAnNw=="
      },
      "Microsoft.CodeAnalysis.Analyzers": {
        "type": "CentralTransitive",
        "requested": "[3.3.4, )",
        "resolved": "5.3.0-2.25625.1",
        "contentHash": "4Yhh2fnu3G+J0J1lDc8WZVgMjgbynSeTfkl5IFJMFrmiIO0sc7Tjx+f3sFVV8Sd35PrIUWfof0RWc3lAMl7Azg=="
      },
      "Microsoft.CodeAnalysis.CSharp": {
        "type": "CentralTransitive",
        "requested": "[5.3.0, )",
        "resolved": "5.3.0",
        "contentHash": "SQFNGQF4f7UfDXKxMzzGNMr3fjrPDIjLfmRvvVgDCw+dyvEHDaRfHuKA5q0Pr0/JW0Gcw89TxrxrS/MjwBvluQ==",
        "dependencies": {
          "Microsoft.CodeAnalysis.Analyzers": "5.3.0-2.25625.1",
          "Microsoft.CodeAnalysis.Common": "[5.3.0]"
        }
      },
      "Microsoft.Extensions.FileSystemGlobbing": {
        "type": "CentralTransitive",
        "requested": "[10.0.3, )",
        "resolved": "10.0.3",
        "contentHash": "oM7pl8uJz8WRPRlh4AGQS61aeV9GOfTu89yqTiRSYyyMuCNVkbNra9zEk7ApyJ/sZrUpbjOZCRHuitCEsTWghg=="
      },
      "System.CommandLine": {
        "type": "CentralTransitive",
        "requested": "[2.0.0-beta4.22272.1, )",
        "resolved": "2.0.0-beta4.22272.1",
        "contentHash": "1uqED/q2H0kKoLJ4+hI2iPSBSEdTuhfCYADeJrAqERmiGQ2NNacYKRNEQ+gFbU4glgVyK8rxI+ZOe1onEtr/Pg=="
      },
      "Ulid": {
        "type": "CentralTransitive",
        "requested": "[1.3.4, )",
        "resolved": "1.3.4",
        "contentHash": "6IaGquwjjfW+BoHSV844y12Uy2kxbboYNmsibxr2lotcSPAA3LKy1CKcAQ8JOdAdL4xMoDNXA1oxG41w7fbr6Q=="
      }
    }
  }
}